
Microsoft Visual Studio Solution File, Format Version 12.00
# Visual Studio Version 16
VisualStudioVersion = 16.0.32510.428
MinimumVisualStudioVersion = 10.0.40219.1
Project("{FAE04EC0-301F-11D3-BF4B-00C04F79EFBC}") = "Platformer_02", "Platformer_02\Platformer_02.csproj", "{D4352F61-7B59-41B2-A5C2-7751932674FB}"
EndProject
Global
	GlobalSection(SolutionConfigurationPlatforms) = preSolution
		Debug|Any CPU = Debug|Any CPU
		Release|Any CPU = Release|Any CPU
	EndGlobalSection
	GlobalSection(ProjectConfigurationPlatforms) = postSolution
		{D4352F61-7B59-41B2-A5C2-7751932674FB}.Debug|Any CPU.ActiveCfg = Debug|Any CPU
		{D4352F61-7B59-41B2-A5C2-7751932674FB}.Debug|Any CPU.Build.0 = Debug|Any CPU
		{D4352F61-7B59-41B2-A5C2-7751932674FB}.Release|Any CPU.ActiveCfg = Release|Any CPU
		{D4352F61-7B59-41B2-A5C2-7751932674FB}.Release|Any CPU.Build.0 = Release|Any CPU
	EndGlobalSection
	GlobalSection(SolutionProperties) = preSolution
		HideSolutionNode = FALSE
	EndGlobalSection
	GlobalSection(ExtensibilityGlobals) = postSolution
		SolutionGuid = {6D217A45-AE16-470C-A3AA-B3A7698BA1EE}
	EndGlobalSection
EndGlobal
